[{<<"cowboy">>,
  {git,"https://github.com/ninenines/cowboy",
       {ref,"b77dd29133365a11a4884af8f0fe432981d3f8a3"}},
  0},
 {<<"cowlib">>,
  {git,"https://github.com/ninenines/cowlib",
       {ref,"941d408ea40022da3148b5b96483d5e8f95caaa4"}},
  1},
 {<<"gun">>,
  {git,"https://github.com/ninenines/gun",
       {ref,"6dd58a4ff9deedeeb6029827b936c2e81866cd54"}},
  0},
 {<<"jsone">>,
  {git,"https://github.com/sile/jsone",
       {ref,"fd911a20ae0bd7454962733668812ebee2379abe"}},
  0},
 {<<"msterl">>,
  {git,"https://github.com/mikeyhc/msterl",
       {ref,"bd922c9a2b35717edc9dc56f48a763c0295e6496"}},
  0},
 {<<"ranch">>,
  {git,"https://github.com/ninenines/ranch",
       {ref,"a692f44567034dacf5efcaa24a24183788594eb7"}},
  1}].
